// !$*UTF8*$!
{
	archiveVersion = 1;
	classes = {
	};
	objectVersion = 55;
	objects = {

/* Begin PBXBuildFile section */
		0ACDC4D728C7CCEB00F21CE0 /* AppDelegate.swift in Sources */ = {isa = PBXBuildFile; fileRef = 0ACDC4D628C7CCEB00F21CE0 /* AppDelegate.swift */; };
		0ACDC4D928C7CCEB00F21CE0 /* SceneDelegate.swift in Sources */ = {isa = PBXBuildFile; fileRef = 0ACDC4D828C7CCEB00F21CE0 /* SceneDelegate.swift */; };
		0ACDC4DB28C7CCEB00F21CE0 /* ViewController.swift in Sources */ = {isa = PBXBuildFile; fileRef = 0ACDC4DA28C7CCEB00F21CE0 /* ViewController.swift */; };
		0ACDC4DE28C7CCEB00F21CE0 /* Main.storyboard in Resources */ = {isa = PBXBuildFile; fileRef = 0ACDC4DC28C7CCEB00F21CE0 /* Main.storyboard */; };
		0ACDC4E028C7CCED00F21CE0 /* Assets.xcassets in Resources */ = {isa = PBXBuildFile; fileRef = 0ACDC4DF28C7CCED00F21CE0 /* Assets.xcassets */; };
		0ACDC4E328C7CCED00F21CE0 /* LaunchScreen.storyboard in Resources */ = {isa = PBXBuildFile; fileRef = 0ACDC4E128C7CCED00F21CE0 /* LaunchScreen.storyboard */; };
		0ACDC4EE28C7CCED00F21CE0 /* CollectionViewTests.swift in Sources */ = {isa = PBXBuildFile; fileRef = 0ACDC4ED28C7CCED00F21CE0 /* CollectionViewTests.swift */; };
		0ACDC4F828C7CCED00F21CE0 /* CollectionViewUITests.swift in Sources */ = {isa = PBXBuildFile; fileRef = 0ACDC4F728C7CCED00F21CE0 /* CollectionViewUITests.swift */; };
		0ACDC4FA28C7CCED00F21CE0 /* CollectionViewUITestsLaunchTests.swift in Sources */ = {isa = PBXBuildFile; fileRef = 0ACDC4F928C7CCED00F21CE0 /* CollectionViewUITestsLaunchTests.swift */; };
/* End PBXBuildFile section */

/* Begin PBXContainerItemProxy section */
		0ACDC4EA28C7CCED00F21CE0 /* PBXContainerItemProxy */ = {
			isa = PBXContainerItemProxy;
			containerPortal = 0ACDC4CB28C7CCEB00F21CE0 /* Project object */;
			proxyType = 1;
			remoteGlobalIDString = 0ACDC4D228C7CCEB00F21CE0;
			remoteInfo = CollectionView;
		};
		0ACDC4F428C7CCED00F21CE0 /* PBXContainerItemProxy */ = {
			isa = PBXContainerItemProxy;
			containerPortal = 0ACDC4CB28C7CCEB00F21CE0 /* Project object */;
			proxyType = 1;
			remoteGlobalIDString = 0ACDC4D228C7CCEB00F21CE0;
			remoteInfo = CollectionView;
		};
/* End PBXContainerItemProxy section */

/* Begin PBXFileReference section */
		0ACDC4D328C7CCEB00F21CE0 /* CollectionView.app */ = {isa = PBXFileReference; explicitFileType = wrapper.application; includeInIndex = 0; path = CollectionView.app; sourceTree = BUILT_PRODUCTS_DIR; };
		0ACDC4D628C7CCEB00F21CE0 /* AppDelegate.swift */ = {isa = PBXFileReference; lastKnownFileType = sourcecode.swift; path = AppDelegate.swift; sourceTree = "<group>"; };
		0ACDC4D828C7CCEB00F21CE0 /* SceneDelegate.swift */ = {isa = PBXFileReference; lastKnownFileType = sourcecode.swift; path = SceneDelegate.swift; sourceTree = "<group>"; };
		0ACDC4DA28C7CCEB00F21CE0 /* ViewController.swift */ = {isa = PBXFileReference; lastKnownFileType = sourcecode.swift; path = ViewController.swift; sourceTree = "<group>"; };
		0ACDC4DD28C7CCEB00F21CE0 /* Base */ = {isa = PBXFileReference; lastKnownFileType = file.storyboard; name = Base; path = Base.lproj/Main.storyboard; sourceTree = "<group>"; };
		0ACDC4DF28C7CCED00F21CE0 /* Assets.xcassets */ = {isa = PBXFileReference; lastKnownFileType = folder.assetcatalog; path = Assets.xcassets; sourceTree = "<group>"; };
		0ACDC4E228C7CCED00F21CE0 /* Base */ = {isa = PBXFileReference; lastKnownFileType = file.storyboard; name = Base; path = Base.lproj/LaunchScreen.storyboard; sourceTree = "<group>"; };
		0ACDC4E428C7CCED00F21CE0 /* Info.plist */ = {isa = PBXFileReference; lastKnownFileType = text.plist.xml; path = Info.plist; sourceTree = "<group>"; };
		0ACDC4E928C7CCED00F21CE0 /* CollectionViewTests.xctest */ = {isa = PBXFileReference; explicitFileType = wrapper.cfbundle; includeInIndex = 0; path = CollectionViewTests.xctest; sourceTree = BUILT_PRODUCTS_DIR; };
		0ACDC4ED28C7CCED00F21CE0 /* CollectionViewTests.swift */ = {isa = PBXFileReference; lastKnownFileType = sourcecode.swift; path = CollectionViewTests.swift; sourceTree = "<group>"; };
		0ACDC4F328C7CCED00F21CE0 /* CollectionViewUITests.xctest */ = {isa = PBXFileReference; explicitFileType = wrapper.cfbundle; includeInIndex = 0; path = CollectionViewUITests.xctest; sourceTree = BUILT_PRODUCTS_DIR; };
		0ACDC4F728C7CCED00F21CE0 /* CollectionViewUITests.swift */ = {isa = PBXFileReference; lastKnownFileType = sourcecode.swift; path = CollectionViewUITests.swift; sourceTree = "<group>"; };
		0ACDC4F928C7CCED00F21CE0 /* CollectionViewUITestsLaunchTests.swift */ = {isa = PBXFileReference; lastKnownFileType = sourcecode.swift; path = CollectionViewUITestsLaunchTests.swift; sourceTree = "<group>"; };
/* End PBXFileReference section */

/* Begin PBXFrameworksBuildPhase section */
		0ACDC4D028C7CCEB00F21CE0 /* Frameworks */ = {
			isa = PBXFrameworksBuildPhase;
			buildActionMask = 2147483647;
			files = (
			);
			runOnlyForDeploymentPostprocessing = 0;
		};
		0ACDC4E628C7CCED00F21CE0 /* Frameworks */ = {
			isa = PBXFrameworksBuildPhase;
			buildActionMask = 2147483647;
			files = (
			);
			runOnlyForDeploymentPostprocessing = 0;
		};
		0ACDC4F028C7CCED00F21CE0 /* Frameworks */ = {
			isa = PBXFrameworksBuildPhase;
			buildActionMask = 2147483647;
			files = (
			);
			runOnlyForDeploymentPostprocessing = 0;
		};
/* End PBXFrameworksBuildPhase section */

/* Begin PBXGroup section */
		0ACDC4CA28C7CCEB00F21CE0 = {
			isa = PBXGroup;
			children = (
				0ACDC4D528C7CCEB00F21CE0 /* CollectionView */,
				0ACDC4EC28C7CCED00F21CE0 /* CollectionViewTests */,
				0ACDC4F628C7CCED00F21CE0 /* CollectionViewUITests */,
				0ACDC4D428C7CCEB00F21CE0 /* Products */,
			);
			sourceTree = "<group>";
		};
		0ACDC4D428C7CCEB00F21CE0 /* Products */ = {
			isa = PBXGroup;
			children = (
				0ACDC4D328C7CCEB00F21CE0 /* CollectionView.app */,
				0ACDC4E928C7CCED00F21CE0 /* CollectionViewTests.xctest */,
				0ACDC4F328C7CCED00F21CE0 /* CollectionViewUITests.xctest */,
			);
			name = Products;
			sourceTree = "<group>";
		};
		0ACDC4D528C7CCEB00F21CE0 /* CollectionView */ = {
			isa = PBXGroup;
			children = (
				0ACDC4D628C7CCEB00F21CE0 /* AppDelegate.swift */,
				0ACDC4D828C7CCEB00F21CE0 /* SceneDelegate.swift */,
				0ACDC4DA28C7CCEB00F21CE0 /* ViewController.swift */,
				0ACDC4DC28C7CCEB00F21CE0 /* Main.storyboard */,
				0ACDC4DF28C7CCED00F21CE0 /* Assets.xcassets */,
				0ACDC4E128C7CCED00F21CE0 /* LaunchScreen.storyboard */,
				0ACDC4E428C7CCED00F21CE0 /* Info.plist */,
			);
			path = CollectionView;
			sourceTree = "<group>";
		};
		0ACDC4EC28C7CCED00F21CE0 /* CollectionViewTests */ = {
			isa = PBXGroup;
			children = (
				0ACDC4ED28C7CCED00F21CE0 /* CollectionViewTests.swift */,
			);
			path = CollectionViewTests;
			sourceTree = "<group>";
		};
		0ACDC4F628C7CCED00F21CE0 /* CollectionViewUITests */ = {
			isa = PBXGroup;
			children = (
				0ACDC4F728C7CCED00F21CE0 /* CollectionViewUITests.swift */,
				0ACDC4F928C7CCED00F21CE0 /* CollectionViewUITestsLaunchTests.swift */,
			);
			path = CollectionViewUITests;
			sourceTree = "<group>";
		};
/* End PBXGroup section */

/* Begin PBXNativeTarget section */
		0ACDC4D228C7CCEB00F21CE0 /* CollectionView */ = {
			isa = PBXNativeTarget;
			buildConfigurationList = 0ACDC4FD28C7CCED00F21CE0 /* Build configuration list for PBXNativeTarget "CollectionView" */;
			buildPhases = (
				0ACDC4CF28C7CCEB00F21CE0 /* Sources */,
				0ACDC4D028C7CCEB00F21CE0 /* Frameworks */,
				0ACDC4D128C7CCEB00F21CE0 /* Resources */,
			);
			buildRules = (
			);
			dependencies = (
			);
			name = CollectionView;
			productName = CollectionView;
			productReference = 0ACDC4D328C7CCEB00F21CE0 /* CollectionView.app */;
			productType = "com.apple.product-type.application";
		};
		0ACDC4E828C7CCED00F21CE0 /* CollectionViewTests */ = {
			isa = PBXNativeTarget;
			buildConfigurationList = 0ACDC50028C7CCED00F21CE0 /* Build configuration list for PBXNativeTarget "CollectionViewTests" */;
			buildPhases = (
				0ACDC4E528C7CCED00F21CE0 /* Sources */,
				0ACDC4E628C7CCED00F21CE0 /* Frameworks */,
				0ACDC4E728C7CCED00F21CE0 /* Resources */,
			);
			buildRules = (
			);
			dependencies = (
				0ACDC4EB28C7CCED00F21CE0 /* PBXTargetDependency */,
			);
			name = CollectionViewTests;
			productName = CollectionViewTests;
			productReference = 0ACDC4E928C7CCED00F21CE0 /* CollectionViewTests.xctest */;
			productType = "com.apple.product-type.bundle.unit-test";
		};
		0ACDC4F228C7CCED00F21CE0 /* CollectionViewUITests */ = {
			isa = PBXNativeTarget;
			buildConfigurationList = 0ACDC50328C7CCED00F21CE0 /* Build configuration list for PBXNativeTarget "CollectionViewUITests" */;
			buildPhases = (
				0ACDC4EF28C7CCED00F21CE0 /* Sources */,
				0ACDC4F028C7CCED00F21CE0 /* Frameworks */,
				0ACDC4F128C7CCED00F21CE0 /* Resources */,
			);
			buildRules = (
			);
			dependencies = (
				0ACDC4F528C7CCED00F21CE0 /* PBXTargetDependency */,
			);
			name = CollectionViewUITests;
			productName = CollectionViewUITests;
			productReference = 0ACDC4F328C7CCED00F21CE0 /* CollectionViewUITests.xctest */;
			productType = "com.apple.product-type.bundle.ui-testing";
		};
/* End PBXNativeTarget section */

/* Begin PBXProject section */
		0ACDC4CB28C7CCEB00F21CE0 /* Project object */ = {
			isa = PBXProject;
			attributes = {
				BuildIndependentTargetsInParallel = 1;
				LastSwiftUpdateCheck = 1340;
				LastUpgradeCheck = 1340;
				TargetAttributes = {
					0ACDC4D228C7CCEB00F21CE0 = {
						CreatedOnToolsVersion = 13.4.1;
					};
					0ACDC4E828C7CCED00F21CE0 = {
						CreatedOnToolsVersion = 13.4.1;
						TestTargetID = 0ACDC4D228C7CCEB00F21CE0;
					};
					0ACDC4F228C7CCED00F21CE0 = {
						CreatedOnToolsVersion = 13.4.1;
						TestTargetID = 0ACDC4D228C7CCEB00F21CE0;
					};
				};
			};
			buildConfigurationList = 0ACDC4CE28C7CCEB00F21CE0 /* Build configuration list for PBXProject "CollectionView" */;
			compatibilityVersion = "Xcode 13.0";
			developmentRegion = en;
			hasScannedForEncodings = 0;
			knownRegions = (
				en,
				Base,
			);
			mainGroup = 0ACDC4CA28C7CCEB00F21CE0;
			productRefGroup = 0ACDC4D428C7CCEB00F21CE0 /* Products */;
			projectDirPath = "";
			projectRoot = "";
			targets = (
				0ACDC4D228C7CCEB00F21CE0 /* CollectionView */,
				0ACDC4E828C7CCED00F21CE0 /* CollectionViewTests */,
				0ACDC4F228C7CCED00F21CE0 /* CollectionViewUITests */,
			);
		};
/* End PBXProject section */

/* Begin PBXResourcesBuildPhase section */
		0ACDC4D128C7CCEB00F21CE0 /* Resources */ = {
			isa = PBXResourcesBuildPhase;
			buildActionMask = 2147483647;
			files = (
				0ACDC4E328C7CCED00F21CE0 /* LaunchScreen.storyboard in Resources */,
				0ACDC4E028C7CCED00F21CE0 /* Assets.xcassets in Resources */,
				0ACDC4DE28C7CCEB00F21CE0 /* Main.storyboard in Resources */,
			);
			runOnlyForDeploymentPostprocessing = 0;
		};
		0ACDC4E728C7CCED00F21CE0 /* Resources */ = {
			isa = PBXResourcesBuildPhase;
			buildActionMask = 2147483647;
			files = (
			);
			runOnlyForDeploymentPostprocessing = 0;
		};
		0ACDC4F128C7CCED00F21CE0 /* Resources */ = {
			isa = PBXResourcesBuildPhase;
			buildActionMask = 2147483647;
			files = (
			);
			runOnlyForDeploymentPostprocessing = 0;
		};
/* End PBXResourcesBuildPhase section */

/* Begin PBXSourcesBuildPhase section */
		0ACDC4CF28C7CCEB00F21CE0 /* Sources */ = {
			isa = PBXSourcesBuildPhase;
			buildActionMask = 2147483647;
			files = (
				0ACDC4DB28C7CCEB00F21CE0 /* ViewController.swift in Sources */,
				0ACDC4D728C7CCEB00F21CE0 /* AppDelegate.swift in Sources */,
				0ACDC4D928C7CCEB00F21CE0 /* SceneDelegate.swift in Sources */,
			);
			runOnlyForDeploymentPostprocessing = 0;
		};
		0ACDC4E528C7CCED00F21CE0 /* Sources */ = {
			isa = PBXSourcesBuildPhase;
			buildActionMask = 2147483647;
			files = (
				0ACDC4EE28C7CCED00F21CE0 /* CollectionViewTests.swift in Sources */,
			);
			runOnlyForDeploymentPostprocessing = 0;
		};
		0ACDC4EF28C7CCED00F21CE0 /* Sources */ = {
			isa = PBXSourcesBuildPhase;
			buildActionMask = 2147483647;
			files = (
				0ACDC4F828C7CCED00F21CE0 /* CollectionViewUITests.swift in Sources */,
				0ACDC4FA28C7CCED00F21CE0 /* CollectionViewUITestsLaunchTests.swift in Sources */,
			);
			runOnlyForDeploymentPostprocessing = 0;
		};
/* End PBXSourcesBuildPhase section */

/* Begin PBXTargetDependency section */
		0ACDC4EB28C7CCED00F21CE0 /* PBXTargetDependency */ = {
			isa = PBXTargetDependency;
			target = 0ACDC4D228C7CCEB00F21CE0 /* CollectionView */;
			targetProxy = 0ACDC4EA28C7CCED00F21CE0 /* PBXContainerItemProxy */;
		};
		0ACDC4F528C7CCED00F21CE0 /* PBXTargetDependency */ = {
			isa = PBXTargetDependency;
			target = 0ACDC4D228C7CCEB00F21CE0 /* CollectionView */;
			targetProxy = 0ACDC4F428C7CCED00F21CE0 /* PBXContainerItemProxy */;
		};
/* End PBXTargetDependency section */

/* Begin PBXVariantGroup section */
		0ACDC4DC28C7CCEB00F21CE0 /* Main.storyboard */ = {
			isa = PBXVariantGroup;
			children = (
				0ACDC4DD28C7CCEB00F21CE0 /* Base */,
			);
			name = Main.storyboard;
			sourceTree = "<group>";
		};
		0ACDC4E128C7CCED00F21CE0 /* LaunchScreen.storyboard */ = {
			isa = PBXVariantGroup;
			children = (
				0ACDC4E228C7CCED00F21CE0 /* Base */,
			);
			name = LaunchScreen.storyboard;
			sourceTree = "<group>";
		};
/* End PBXVariantGroup section */

/* Begin XCBuildConfiguration section */
		0ACDC4FB28C7CCED00F21CE0 /* Debug */ = {
			isa = XCBuildConfiguration;
			buildSettings = {
				ALWAYS_SEARCH_USER_PATHS = NO;
				CLANG_ANALYZER_NONNULL = YES;
				CLANG_ANALYZER_NUMBER_OBJECT_CONVERSION = YES_AGGRESSIVE;
				CLANG_CXX_LANGUAGE_STANDARD = "gnu++17";
				CLANG_ENABLE_MODULES = YES;
				CLANG_ENABLE_OBJC_ARC = YES;
				CLANG_ENABLE_OBJC_WEAK = YES;
				CLANG_WARN_BLOCK_CAPTURE_AUTORELEASING = YES;
				CLANG_WARN_BOOL_CONVERSION = YES;
				CLANG_WARN_COMMA = YES;
				CLANG_WARN_CONSTANT_CONVERSION = YES;
				CLANG_WARN_DEPRECATED_OBJC_IMPLEMENTATIONS = YES;
				CLANG_WARN_DIRECT_OBJC_ISA_USAGE = YES_ERROR;
				CLANG_WARN_DOCUMENTATION_COMMENTS = YES;
				CLANG_WARN_EMPTY_BODY = YES;
				CLANG_WARN_ENUM_CONVERSION = YES;
				CLANG_WARN_INFINITE_RECURSION = YES;
				CLANG_WARN_INT_CONVERSION = YES;
				CLANG_WARN_NON_LITERAL_NULL_CONVERSION = YES;
				CLANG_WARN_OBJC_IMPLICIT_RETAIN_SELF = YES;
				CLANG_WARN_OBJC_LITERAL_CONVERSION = YES;
				CLANG_WARN_OBJC_ROOT_CLASS = YES_ERROR;
				CLANG_WARN_QUOTED_INCLUDE_IN_FRAMEWORK_HEADER = YES;
				CLANG_WARN_RANGE_LOOP_ANALYSIS = YES;
				CLANG_WARN_STRICT_PROTOTYPES = YES;
				CLANG_WARN_SUSPICIOUS_MOVE = YES;
				CLANG_WARN_UNGUARDED_AVAILABILITY = YES_AGGRESSIVE;
				CLANG_WARN_UNREACHABLE_CODE = YES;
				CLANG_WARN__DUPLICATE_METHOD_MATCH = YES;
				COPY_PHASE_STRIP = NO;
				DEBUG_INFORMATION_FORMAT = dwarf;
				ENABLE_STRICT_OBJC_MSGSEND = YES;
				ENABLE_TESTABILITY = YES;
				GCC_C_LANGUAGE_STANDARD = gnu11;
				GCC_DYNAMIC_NO_PIC = NO;
				GCC_NO_COMMON_BLOCKS = YES;
				GCC_OPTIMIZATION_LEVEL = 0;
				GCC_PREPROCESSOR_DEFINITIONS = (
					"DEBUG=1",
					"$(inherited)",
				);
				GCC_WARN_64_TO_32_BIT_CONVERSION = YES;
				GCC_WARN_ABOUT_RETURN_TYPE = YES_ERROR;
				GCC_WARN_UNDECLARED_SELECTOR = YES;
				GCC_WARN_UNINITIALIZED_AUTOS = YES_AGGRESSIVE;
				GCC_WARN_UNUSED_FUNCTION = YES;
				GCC_WARN_UNUSED_VARIABLE = YES;
				IPHONEOS_DEPLOYMENT_TARGET = 15.5;
				MTL_ENABLE_DEBUG_INFO = INCLUDE_SOURCE;
				MTL_FAST_MATH = YES;
				ONLY_ACTIVE_ARCH = YES;
				SDKROOT = iphoneos;
				SWIFT_ACTIVE_COMPILATION_CONDITIONS = DEBUG;
				SWIFT_OPTIMIZATION_LEVEL = "-Onone";
			};
			name = Debug;
		};
		0ACDC4FC28C7CCED00F21CE0 /* Release */ = {
			isa = XCBuildConfiguration;
			buildSettings = {
				ALWAYS_SEARCH_USER_PATHS = NO;
				CLANG_ANALYZER_NONNULL = YES;
				CLANG_ANALYZER_NUMBER_OBJECT_CONVERSION = YES_AGGRESSIVE;
				CLANG_CXX_LANGUAGE_STANDARD = "gnu++17";
				CLANG_ENABLE_MODULES = YES;
				CLANG_ENABLE_OBJC_ARC = YES;
				CLANG_ENABLE_OBJC_WEAK = YES;
				CLANG_WARN_BLOCK_CAPTURE_AUTORELEASING = YES;
				CLANG_WARN_BOOL_CONVERSION = YES;
				CLANG_WARN_COMMA = YES;
				CLANG_WARN_CONSTANT_CONVERSION = YES;
				CLANG_WARN_DEPRECATED_OBJC_IMPLEMENTATIONS = YES;
				CLANG_WARN_DIRECT_OBJC_ISA_USAGE = YES_ERROR;
				CLANG_WARN_DOCUMENTATION_COMMENTS = YES;
				CLANG_WARN_EMPTY_BODY = YES;
				CLANG_WARN_ENUM_CONVERSION = YES;
				CLANG_WARN_INFINITE_RECURSION = YES;
				CLANG_WARN_INT_CONVERSION = YES;
				CLANG_WARN_NON_LITERAL_NULL_CONVERSION = YES;
				CLANG_WARN_OBJC_IMPLICIT_RETAIN_SELF = YES;
				CLANG_WARN_OBJC_LITERAL_CONVERSION = YES;
				CLANG_WARN_OBJC_ROOT_CLASS = YES_ERROR;
				CLANG_WARN_QUOTED_INCLUDE_IN_FRAMEWORK_HEADER = YES;
				CLANG_WARN_RANGE_LOOP_ANALYSIS = YES;
				CLANG_WARN_STRICT_PROTOTYPES = YES;
				CLANG_WARN_SUSPICIOUS_MOVE = YES;
				CLANG_WARN_UNGUARDED_AVAILABILITY = YES_AGGRESSIVE;
				CLANG_WARN_UNREACHABLE_CODE = YES;
				CLANG_WARN__DUPLICATE_METHOD_MATCH = YES;
				COPY_PHASE_STRIP = NO;
				DEBUG_INFORMATION_FORMAT = "dwarf-with-dsym";
				ENABLE_NS_ASSERTIONS = NO;
				ENABLE_STRICT_OBJC_MSGSEND = YES;
				GCC_C_LANGUAGE_STANDARD = gnu11;
				GCC_NO_COMMON_BLOCKS = YES;
				GCC_WARN_64_TO_32_BIT_CONVERSION = YES;
				GCC_WARN_ABOUT_RETURN_TYPE = YES_ERROR;
				GCC_WARN_UNDECLARED_SELECTOR = YES;
				GCC_WARN_UNINITIALIZED_AUTOS = YES_AGGRESSIVE;
				GCC_WARN_UNUSED_FUNCTION = YES;
				GCC_WARN_UNUSED_VARIABLE = YES;
				IPHONEOS_DEPLOYMENT_TARGET = 15.5;
				MTL_ENABLE_DEBUG_INFO = NO;
				MTL_FAST_MATH = YES;
				SDKROOT = iphoneos;
				SWIFT_COMPILATION_MODE = wholemodule;
				SWIFT_OPTIMIZATION_LEVEL = "-O";
				VALIDATE_PRODUCT = YES;
			};
			name = Release;
		};
		0ACDC4FE28C7CCED00F21CE0 /* Debug */ = {
			isa = XCBuildConfiguration;
			buildSettings = {
				ASSETCATALOG_COMPILER_APPICON_NAME = AppIcon;
				ASSETCATALOG_COMPILER_GLOBAL_ACCENT_COLOR_NAME = AccentColor;
				CODE_SIGN_STYLE = Automatic;
				CURRENT_PROJECT_VERSION = 1;
				GENERATE_INFOPLIST_FILE = YES;
				INFOPLIST_FILE = CollectionView/Info.plist;
				INFOPLIST_KEY_UIApplicationSupportsIndirectInputEvents = YES;
				INFOPLIST_KEY_UILaunchStoryboardName = LaunchScreen;
				INFOPLIST_KEY_UIMainStoryboardFile = Main;
				INFOPLIST_KEY_UISupportedInterfaceOrientations_iPad = "UIInterfaceOrientationPortrait UIInterfaceOrientationPortraitUpsideDown UIInterfaceOrientationLandscapeLeft UIInterfaceOrientationLandscapeRight";
				INFOPLIST_KEY_UISupportedInterfaceOrientations_iPhone = "UIInterfaceOrientationPortrait UIInterfaceOrientationLandscapeLeft UIInterfaceOrientationLandscapeRight";
				LD_RUNPATH_SEARCH_PATHS = (
					"$(inherited)",
					"@executable_path/Frameworks",
				);
				MARKETING_VERSION = 1.0;
				PRODUCT_BUNDLE_IDENTIFIER = info.CollectionView;
				PRODUCT_NAME = "$(TARGET_NAME)";
				SWIFT_EMIT_LOC_STRINGS = YES;
				SWIFT_VERSION = 5.0;
				TARGETED_DEVICE_FAMILY = "1,2";
			};
			name = Debug;
		};
		0ACDC4FF28C7CCED00F21CE0 /* Release */ = {
			isa = XCBuildConfiguration;
			buildSettings = {
				ASSETCATALOG_COMPILER_APPICON_NAME = AppIcon;
				ASSETCATALOG_COMPILER_GLOBAL_ACCENT_COLOR_NAME = AccentColor;
				CODE_SIGN_STYLE = Automatic;
				CURRENT_PROJECT_VERSION = 1;
				GENERATE_INFOPLIST_FILE = YES;
				INFOPLIST_FILE = CollectionView/Info.plist;
				INFOPLIST_KEY_UIApplicationSupportsIndirectInputEvents = YES;
				INFOPLIST_KEY_UILaunchStoryboardName = LaunchScreen;
				INFOPLIST_KEY_UIMainStoryboardFile = Main;
				INFOPLIST_KEY_UISupportedInterfaceOrientations_iPad = "UIInterfaceOrientationPortrait UIInterfaceOrientationPortraitUpsideDown UIInterfaceOrientationLandscapeLeft UIInterfaceOrientationLandscapeRight";
				INFOPLIST_KEY_UISupportedInterfaceOrientations_iPhone = "UIInterfaceOrientationPortrait UIInterfaceOrientationLandscapeLeft UIInterfaceOrientationLandscapeRight";
				LD_RUNPATH_SEARCH_PATHS = (
					"$(inherited)",
					"@executable_path/Frameworks",
				);
				MARKETING_VERSION = 1.0;
				PRODUCT_BUNDLE_IDENTIFIER = info.CollectionView;
				PRODUCT_NAME = "$(TARGET_NAME)";
				SWIFT_EMIT_LOC_STRINGS = YES;
				SWIFT_VERSION = 5.0;
				TARGETED_DEVICE_FAMILY = "1,2";
			};
			name = Release;
		};
		0ACDC50128C7CCED00F21CE0 /* Debug */ = {
			isa = XCBuildConfiguration;
			buildSettings = {
				ALWAYS_EMBED_SWIFT_STANDARD_LIBRARIES = YES;
				BUNDLE_LOADER = "$(TEST_HOST)";
				CODE_SIGN_STYLE = Automatic;
				CURRENT_PROJECT_VERSION = 1;
				GENERATE_INFOPLIST_FILE = YES;
				IPHONEOS_DEPLOYMENT_TARGET = 15.5;
				MARKETING_VERSION = 1.0;
				PRODUCT_BUNDLE_IDENTIFIER = info.CollectionViewTests;
				PRODUCT_NAME = "$(TARGET_NAME)";
				SWIFT_EMIT_LOC_STRINGS = NO;
				SWIFT_VERSION = 5.0;
				TARGETED_DEVICE_FAMILY = "1,2";
				TEST_HOST = "$(BUILT_PRODUCTS_DIR)/CollectionView.app/CollectionView";
			};
			name = Debug;
		};
		0ACDC50228C7CCED00F21CE0 /* Release */ = {
			isa = XCBuildConfiguration;
			buildSettings = {
				ALWAYS_EMBED_SWIFT_STANDARD_LIBRARIES = YES;
				BUNDLE_LOADER = "$(TEST_HOST)";
				CODE_SIGN_STYLE = Automatic;
				CURRENT_PROJECT_VERSION = 1;
				GENERATE_INFOPLIST_FILE = YES;
				IPHONEOS_DEPLOYMENT_TARGET = 15.5;
				MARKETING_VERSION = 1.0;
				PRODUCT_BUNDLE_IDENTIFIER = info.CollectionViewTests;
				PRODUCT_NAME = "$(TARGET_NAME)";
				SWIFT_EMIT_LOC_STRINGS = NO;
				SWIFT_VERSION = 5.0;
				TARGETED_DEVICE_FAMILY = "1,2";
				TEST_HOST = "$(BUILT_PRODUCTS_DIR)/CollectionView.app/CollectionView";
			};
			name = Release;
		};
		0ACDC50428C7CCED00F21CE0 /* Debug */ = {
			isa = XCBuildConfiguration;
			buildSettings = {
				ALWAYS_EMBED_SWIFT_STANDARD_LIBRARIES = YES;
				CODE_SIGN_STYLE = Automatic;
				CURRENT_PROJECT_VERSION = 1;
				GENERATE_INFOPLIST_FILE = YES;
				MARKETING_VERSION = 1.0;
				PRODUCT_BUNDLE_IDENTIFIER = info.CollectionViewUITests;
				PRODUCT_NAME = "$(TARGET_NAME)";
				SWIFT_EMIT_LOC_STRINGS = NO;
				SWIFT_VERSION = 5.0;
				TARGETED_DEVICE_FAMILY = "1,2";
				TEST_TARGET_NAME = CollectionView;
			};
			name = Debug;
		};
		0ACDC50528C7CCED00F21CE0 /* Release */ = {
			isa = XCBuildConfiguration;
			buildSettings = {
				ALWAYS_EMBED_SWIFT_STANDARD_LIBRARIES = YES;
				CODE_SIGN_STYLE = Automatic;
				CURRENT_PROJECT_VERSION = 1;
				GENERATE_INFOPLIST_FILE = YES;
				MARKETING_VERSION = 1.0;
				PRODUCT_BUNDLE_IDENTIFIER = info.CollectionViewUITests;
				PRODUCT_NAME = "$(TARGET_NAME)";
				SWIFT_EMIT_LOC_STRINGS = NO;
				SWIFT_VERSION = 5.0;
				TARGETED_DEVICE_FAMILY = "1,2";
				TEST_TARGET_NAME = CollectionView;
			};
			name = Release;
		};
/* End XCBuildConfiguration section */

/* Begin XCConfigurationList section */
		0ACDC4CE28C7CCEB00F21CE0 /* Build configuration list for PBXProject "CollectionView" */ = {
			isa = XCConfigurationList;
			buildConfigurations = (
				0ACDC4FB28C7CCED00F21CE0 /* Debug */,
				0ACDC4FC28C7CCED00F21CE0 /* Release */,
			);
			defaultConfigurationIsVisible = 0;
			defaultConfigurationName = Release;
		};
		0ACDC4FD28C7CCED00F21CE0 /* Build configuration list for PBXNativeTarget "CollectionView" */ = {
			isa = XCConfigurationList;
			buildConfigurations = (
				0ACDC4FE28C7CCED00F21CE0 /* Debug */,
				0ACDC4FF28C7CCED00F21CE0 /* Release */,
			);
			defaultConfigurationIsVisible = 0;
			defaultConfigurationName = Release;
		};
		0ACDC50028C7CCED00F21CE0 /* Build configuration list for PBXNativeTarget "CollectionViewTests" */ = {
			isa = XCConfigurationList;
			buildConfigurations = (
				0ACDC50128C7CCED00F21CE0 /* Debug */,
				0ACDC50228C7CCED00F21CE0 /* Release */,
			);
			defaultConfigurationIsVisible = 0;
			defaultConfigurationName = Release;
		};
		0ACDC50328C7CCED00F21CE0 /* Build configuration list for PBXNativeTarget "CollectionViewUITests" */ = {
			isa = XCConfigurationList;
			buildConfigurations = (
				0ACDC50428C7CCED00F21CE0 /* Debug */,
				0ACDC50528C7CCED00F21CE0 /* Release */,
			);
			defaultConfigurationIsVisible = 0;
			defaultConfigurationName = Release;
		};
/* End XCConfigurationList section */
	};
	rootObject = 0ACDC4CB28C7CCEB00F21CE0 /* Project object */;
}
